
Microsoft Visual Studio Solution File, Format Version 12.00
# Visual Studio 15
VisualStudioVersion = 15.0.28307.421
MinimumVisualStudioVersion = 10.0.40219.1
Project("{8BC9CEB8-8B4A-11D0-8D11-00A0C91BC942}") = "TomatoClock", "TomatoClock.vcxproj", "{9269059D-1A6F-3B37-819C-BE5C2C2EC164}"
EndProject
Project("{8BC9CEB8-8B4A-11D0-8D11-00A0C91BC942}") = "QListViewDemo", "..\..\..\..\..\下载\压缩\QListViewDemo-master\QListViewDemo-master\QListViewDemo.vcxproj", "{A7488C0C-F63F-308C-9291-A7C2B794A381}"
EndProject
Global
	GlobalSection(SolutionConfigurationPlatforms) = preSolution
		Debug|x64 = Debug|x64
		Release|x64 = Release|x64
	EndGlobalSection
	GlobalSection(ProjectConfigurationPlatforms) = postSolution
		{9269059D-1A6F-3B37-819C-BE5C2C2EC164}.Debug|x64.ActiveCfg = Debug|x64
		{9269059D-1A6F-3B37-819C-BE5C2C2EC164}.Debug|x64.Build.0 = Debug|x64
		{9269059D-1A6F-3B37-819C-BE5C2C2EC164}.Release|x64.ActiveCfg = Release|x64
		{9269059D-1A6F-3B37-819C-BE5C2C2EC164}.Release|x64.Build.0 = Release|x64
		{A7488C0C-F63F-308C-9291-A7C2B794A381}.Debug|x64.ActiveCfg = Debug|x64
		{A7488C0C-F63F-308C-9291-A7C2B794A381}.Debug|x64.Build.0 = Debug|x64
		{A7488C0C-F63F-308C-9291-A7C2B794A381}.Release|x64.ActiveCfg = Release|x64
		{A7488C0C-F63F-308C-9291-A7C2B794A381}.Release|x64.Build.0 = Release|x64
	EndGlobalSection
	GlobalSection(SolutionProperties) = preSolution
		HideSolutionNode = FALSE
	EndGlobalSection
	GlobalSection(ExtensibilityGlobals) = postSolution
		SolutionGuid = {18B3BAF4-3DC9-4D28-B0A9-512BD02F02AB}
	EndGlobalSection
EndGlobal
